// !$*UTF8*$!
{
	archiveVersion = 1;
	classes = {
	};
	objectVersion = 56;
	objects = {

/* Begin PBXBuildFile section */
		187F40282AAD5AD3007A9674 /* Card_DateView.swift in Sources */ = {isa = PBXBuildFile; fileRef = 187F40272AAD5AD3007A9674 /* Card_DateView.swift */; };
		187F402A2AAD5C20007A9674 /* Card_TimelineView.swift in Sources */ = {isa = PBXBuildFile; fileRef = 187F40292AAD5C20007A9674 /* Card_TimelineView.swift */; };
		187F402C2AAD6221007A9674 /* TimelineView.swift in Sources */ = {isa = PBXBuildFile; fileRef = 187F402B2AAD6221007A9674 /* TimelineView.swift */; };
		187F402E2AAD77B5007A9674 /* RoutineDetailView.swift in Sources */ = {isa = PBXBuildFile; fileRef = 187F402D2AAD77B5007A9674 /* RoutineDetailView.swift */; };
		187F40302AADCF29007A9674 /* List_ItemView.swift in Sources */ = {isa = PBXBuildFile; fileRef = 187F402F2AADCF29007A9674 /* List_ItemView.swift */; };
		187F40322AAEBDD6007A9674 /* DayOfWeekView.swift in Sources */ = {isa = PBXBuildFile; fileRef = 187F40312AAEBDD6007A9674 /* DayOfWeekView.swift */; };
		187F40342AAED287007A9674 /* NavBarView.swift in Sources */ = {isa = PBXBuildFile; fileRef = 187F40332AAED287007A9674 /* NavBarView.swift */; };
		187F40362AAF0BAC007A9674 /* NavBarContainerView.swift in Sources */ = {isa = PBXBuildFile; fileRef = 187F40352AAF0BAC007A9674 /* NavBarContainerView.swift */; };
		187F40392AAF0DD1007A9674 /* NavView.swift in Sources */ = {isa = PBXBuildFile; fileRef = 187F40382AAF0DD1007A9674 /* NavView.swift */; };
		187F403B2AAF0F0A007A9674 /* NavLink.swift in Sources */ = {isa = PBXBuildFile; fileRef = 187F403A2AAF0F0A007A9674 /* NavLink.swift */; };
		187F403D2AAF3580007A9674 /* NavBarPreferenceKey.swift in Sources */ = {isa = PBXBuildFile; fileRef = 187F403C2AAF3580007A9674 /* NavBarPreferenceKey.swift */; };
		187F403F2AAF485A007A9674 /* Button_DayView.swift in Sources */ = {isa = PBXBuildFile; fileRef = 187F403E2AAF485A007A9674 /* Button_DayView.swift */; };
		18DA40C62AAC37EE00EF4333 /* GymtasticApp.swift in Sources */ = {isa = PBXBuildFile; fileRef = 18DA40C52AAC37EE00EF4333 /* GymtasticApp.swift */; };
		18DA40C82AAC37EE00EF4333 /* StartView.swift in Sources */ = {isa = PBXBuildFile; fileRef = 18DA40C72AAC37EE00EF4333 /* StartView.swift */; };
		18DA40CA2AAC37EF00EF4333 /* Assets.xcassets in Resources */ = {isa = PBXBuildFile; fileRef = 18DA40C92AAC37EF00EF4333 /* Assets.xcassets */; };
		18DA40CD2AAC37EF00EF4333 /* Preview Assets.xcassets in Resources */ = {isa = PBXBuildFile; fileRef = 18DA40CC2AAC37EF00EF4333 /* Preview Assets.xcassets */; };
		18DA40D62AAC3CFA00EF4333 /* Theme.swift in Sources */ = {isa = PBXBuildFile; fileRef = 18DA40D52AAC3CFA00EF4333 /* Theme.swift */; };
		18DA40D82AAC47FC00EF4333 /* Routine.swift in Sources */ = {isa = PBXBuildFile; fileRef = 18DA40D72AAC47FC00EF4333 /* Routine.swift */; };
		18DA40DA2AAC494500EF4333 /* DayOfWeek.swift in Sources */ = {isa = PBXBuildFile; fileRef = 18DA40D92AAC494500EF4333 /* DayOfWeek.swift */; };
		18DA40DC2AAC4D1200EF4333 /* Card_RoutineView.swift in Sources */ = {isa = PBXBuildFile; fileRef = 18DA40DB2AAC4D1200EF4333 /* Card_RoutineView.swift */; };
/* End PBXBuildFile section */

/* Begin PBXFileReference section */
		187F40272AAD5AD3007A9674 /* Card_DateView.swift */ = {isa = PBXFileReference; lastKnownFileType = sourcecode.swift; path = Card_DateView.swift; sourceTree = "<group>"; };
		187F40292AAD5C20007A9674 /* Card_TimelineView.swift */ = {isa = PBXFileReference; lastKnownFileType = sourcecode.swift; path = Card_TimelineView.swift; sourceTree = "<group>"; };
		187F402B2AAD6221007A9674 /* TimelineView.swift */ = {isa = PBXFileReference; lastKnownFileType = sourcecode.swift; path = TimelineView.swift; sourceTree = "<group>"; };
		187F402D2AAD77B5007A9674 /* RoutineDetailView.swift */ = {isa = PBXFileReference; lastKnownFileType = sourcecode.swift; path = RoutineDetailView.swift; sourceTree = "<group>"; };
		187F402F2AADCF29007A9674 /* List_ItemView.swift */ = {isa = PBXFileReference; lastKnownFileType = sourcecode.swift; path = List_ItemView.swift; sourceTree = "<group>"; };
		187F40312AAEBDD6007A9674 /* DayOfWeekView.swift */ = {isa = PBXFileReference; lastKnownFileType = sourcecode.swift; path = DayOfWeekView.swift; sourceTree = "<group>"; };
		187F40332AAED287007A9674 /* NavBarView.swift */ = {isa = PBXFileReference; lastKnownFileType = sourcecode.swift; path = NavBarView.swift; sourceTree = "<group>"; };
		187F40352AAF0BAC007A9674 /* NavBarContainerView.swift */ = {isa = PBXFileReference; lastKnownFileType = sourcecode.swift; path = NavBarContainerView.swift; sourceTree = "<group>"; };
		187F40382AAF0DD1007A9674 /* NavView.swift */ = {isa = PBXFileReference; lastKnownFileType = sourcecode.swift; path = NavView.swift; sourceTree = "<group>"; };
		187F403A2AAF0F0A007A9674 /* NavLink.swift */ = {isa = PBXFileReference; lastKnownFileType = sourcecode.swift; path = NavLink.swift; sourceTree = "<group>"; };
		187F403C2AAF3580007A9674 /* NavBarPreferenceKey.swift */ = {isa = PBXFileReference; lastKnownFileType = sourcecode.swift; path = NavBarPreferenceKey.swift; sourceTree = "<group>"; };
		187F403E2AAF485A007A9674 /* Button_DayView.swift */ = {isa = PBXFileReference; lastKnownFileType = sourcecode.swift; path = Button_DayView.swift; sourceTree = "<group>"; };
		18DA40C22AAC37EE00EF4333 /* Gymtastic.app */ = {isa = PBXFileReference; explicitFileType = wrapper.application; includeInIndex = 0; path = Gymtastic.app; sourceTree = BUILT_PRODUCTS_DIR; };
		18DA40C52AAC37EE00EF4333 /* GymtasticApp.swift */ = {isa = PBXFileReference; lastKnownFileType = sourcecode.swift; path = GymtasticApp.swift; sourceTree = "<group>"; };
		18DA40C72AAC37EE00EF4333 /* StartView.swift */ = {isa = PBXFileReference; lastKnownFileType = sourcecode.swift; path = StartView.swift; sourceTree = "<group>"; };
		18DA40C92AAC37EF00EF4333 /* Assets.xcassets */ = {isa = PBXFileReference; lastKnownFileType = folder.assetcatalog; path = Assets.xcassets; sourceTree = "<group>"; };
		18DA40CC2AAC37EF00EF4333 /* Preview Assets.xcassets */ = {isa = PBXFileReference; lastKnownFileType = folder.assetcatalog; path = "Preview Assets.xcassets"; sourceTree = "<group>"; };
		18DA40D52AAC3CFA00EF4333 /* Theme.swift */ = {isa = PBXFileReference; lastKnownFileType = sourcecode.swift; path = Theme.swift; sourceTree = "<group>"; };
		18DA40D72AAC47FC00EF4333 /* Routine.swift */ = {isa = PBXFileReference; lastKnownFileType = sourcecode.swift; name = Routine.swift; path = ../../../../../Documents/Routine.swift; sourceTree = "<group>"; };
		18DA40D92AAC494500EF4333 /* DayOfWeek.swift */ = {isa = PBXFileReference; lastKnownFileType = sourcecode.swift; path = DayOfWeek.swift; sourceTree = "<group>"; };
		18DA40DB2AAC4D1200EF4333 /* Card_RoutineView.swift */ = {isa = PBXFileReference; lastKnownFileType = sourcecode.swift; path = Card_RoutineView.swift; sourceTree = "<group>"; };
/* End PBXFileReference section */

/* Begin PBXFrameworksBuildPhase section */
		18DA40BF2AAC37EE00EF4333 /* Frameworks */ = {
			isa = PBXFrameworksBuildPhase;
			buildActionMask = 2147483647;
			files = (
			);
			runOnlyForDeploymentPostprocessing = 0;
		};
/* End PBXFrameworksBuildPhase section */

/* Begin PBXGroup section */
		187F40372AAF0D8F007A9674 /* NavBar */ = {
			isa = PBXGroup;
			children = (
				187F40382AAF0DD1007A9674 /* NavView.swift */,
				187F40332AAED287007A9674 /* NavBarView.swift */,
				187F40352AAF0BAC007A9674 /* NavBarContainerView.swift */,
				187F403A2AAF0F0A007A9674 /* NavLink.swift */,
				187F403C2AAF3580007A9674 /* NavBarPreferenceKey.swift */,
			);
			name = NavBar;
			sourceTree = "<group>";
		};
		18DA40B92AAC37EE00EF4333 = {
			isa = PBXGroup;
			children = (
				18DA40C42AAC37EE00EF4333 /* Gymtastic */,
				18DA40C32AAC37EE00EF4333 /* Products */,
			);
			sourceTree = "<group>";
		};
		18DA40C32AAC37EE00EF4333 /* Products */ = {
			isa = PBXGroup;
			children = (
				18DA40C22AAC37EE00EF4333 /* Gymtastic.app */,
			);
			name = Products;
			sourceTree = "<group>";
		};
		18DA40C42AAC37EE00EF4333 /* Gymtastic */ = {
			isa = PBXGroup;
			children = (
				18DA40D42AAC3CB700EF4333 /* Views */,
				18DA40D32AAC3CB000EF4333 /* Models */,
				18DA40C52AAC37EE00EF4333 /* GymtasticApp.swift */,
				18DA40C92AAC37EF00EF4333 /* Assets.xcassets */,
				18DA40CB2AAC37EF00EF4333 /* Preview Content */,
			);
			path = Gymtastic;
			sourceTree = "<group>";
		};
		18DA40CB2AAC37EF00EF4333 /* Preview Content */ = {
			isa = PBXGroup;
			children = (
				18DA40CC2AAC37EF00EF4333 /* Preview Assets.xcassets */,
			);
			path = "Preview Content";
			sourceTree = "<group>";
		};
		18DA40D32AAC3CB000EF4333 /* Models */ = {
			isa = PBXGroup;
			children = (
				18DA40D52AAC3CFA00EF4333 /* Theme.swift */,
				18DA40D72AAC47FC00EF4333 /* Routine.swift */,
				18DA40D92AAC494500EF4333 /* DayOfWeek.swift */,
			);
			path = Models;
			sourceTree = "<group>";
		};
		18DA40D42AAC3CB700EF4333 /* Views */ = {
			isa = PBXGroup;
			children = (
				187F40372AAF0D8F007A9674 /* NavBar */,
				18DA40C72AAC37EE00EF4333 /* StartView.swift */,
				18DA40DB2AAC4D1200EF4333 /* Card_RoutineView.swift */,
				187F40272AAD5AD3007A9674 /* Card_DateView.swift */,
				187F40292AAD5C20007A9674 /* Card_TimelineView.swift */,
				187F402B2AAD6221007A9674 /* TimelineView.swift */,
				187F402D2AAD77B5007A9674 /* RoutineDetailView.swift */,
				187F402F2AADCF29007A9674 /* List_ItemView.swift */,
				187F40312AAEBDD6007A9674 /* DayOfWeekView.swift */,
				187F403E2AAF485A007A9674 /* Button_DayView.swift */,
			);
			path = Views;
			sourceTree = "<group>";
		};
/* End PBXGroup section */

/* Begin PBXNativeTarget section */
		18DA40C12AAC37EE00EF4333 /* Gymtastic */ = {
			isa = PBXNativeTarget;
			buildConfigurationList = 18DA40D02AAC37EF00EF4333 /* Build configuration list for PBXNativeTarget "Gymtastic" */;
			buildPhases = (
				18DA40BE2AAC37EE00EF4333 /* Sources */,
				18DA40BF2AAC37EE00EF4333 /* Frameworks */,
				18DA40C02AAC37EE00EF4333 /* Resources */,
			);
			buildRules = (
			);
			dependencies = (
			);
			name = Gymtastic;
			productName = Gymtastic;
			productReference = 18DA40C22AAC37EE00EF4333 /* Gymtastic.app */;
			productType = "com.apple.product-type.application";
		};
/* End PBXNativeTarget section */

/* Begin PBXProject section */
		18DA40BA2AAC37EE00EF4333 /* Project object */ = {
			isa = PBXProject;
			attributes = {
				BuildIndependentTargetsInParallel = 1;
				LastSwiftUpdateCheck = 1430;
				LastUpgradeCheck = 1430;
				TargetAttributes = {
					18DA40C12AAC37EE00EF4333 = {
						CreatedOnToolsVersion = 14.3.1;
					};
				};
			};
			buildConfigurationList = 18DA40BD2AAC37EE00EF4333 /* Build configuration list for PBXProject "Gymtastic" */;
			compatibilityVersion = "Xcode 14.0";
			developmentRegion = en;
			hasScannedForEncodings = 0;
			knownRegions = (
				en,
				Base,
			);
			mainGroup = 18DA40B92AAC37EE00EF4333;
			productRefGroup = 18DA40C32AAC37EE00EF4333 /* Products */;
			projectDirPath = "";
			projectRoot = "";
			targets = (
				18DA40C12AAC37EE00EF4333 /* Gymtastic */,
			);
		};
/* End PBXProject section */

/* Begin PBXResourcesBuildPhase section */
		18DA40C02AAC37EE00EF4333 /* Resources */ = {
			isa = PBXResourcesBuildPhase;
			buildActionMask = 2147483647;
			files = (
				18DA40CD2AAC37EF00EF4333 /* Preview Assets.xcassets in Resources */,
				18DA40CA2AAC37EF00EF4333 /* Assets.xcassets in Resources */,
			);
			runOnlyForDeploymentPostprocessing = 0;
		};
/* End PBXResourcesBuildPhase section */

/* Begin PBXSourcesBuildPhase section */
		18DA40BE2AAC37EE00EF4333 /* Sources */ = {
			isa = PBXSourcesBuildPhase;
			buildActionMask = 2147483647;
			files = (
				18DA40D62AAC3CFA00EF4333 /* Theme.swift in Sources */,
				18DA40DA2AAC494500EF4333 /* DayOfWeek.swift in Sources */,
				187F402E2AAD77B5007A9674 /* RoutineDetailView.swift in Sources */,
				187F40392AAF0DD1007A9674 /* NavView.swift in Sources */,
				18DA40C82AAC37EE00EF4333 /* StartView.swift in Sources */,
				187F40322AAEBDD6007A9674 /* DayOfWeekView.swift in Sources */,
				18DA40D82AAC47FC00EF4333 /* Routine.swift in Sources */,
				18DA40DC2AAC4D1200EF4333 /* Card_RoutineView.swift in Sources */,
				187F40362AAF0BAC007A9674 /* NavBarContainerView.swift in Sources */,
				187F403D2AAF3580007A9674 /* NavBarPreferenceKey.swift in Sources */,
				187F40302AADCF29007A9674 /* List_ItemView.swift in Sources */,
				187F403F2AAF485A007A9674 /* Button_DayView.swift in Sources */,
				187F402A2AAD5C20007A9674 /* Card_TimelineView.swift in Sources */,
				187F403B2AAF0F0A007A9674 /* NavLink.swift in Sources */,
				187F40342AAED287007A9674 /* NavBarView.swift in Sources */,
				18DA40C62AAC37EE00EF4333 /* GymtasticApp.swift in Sources */,
				187F402C2AAD6221007A9674 /* TimelineView.swift in Sources */,
				187F40282AAD5AD3007A9674 /* Card_DateView.swift in Sources */,
			);
			runOnlyForDeploymentPostprocessing = 0;
		};
/* End PBXSourcesBuildPhase section */

/* Begin XCBuildConfiguration section */
		18DA40CE2AAC37EF00EF4333 /* Debug */ = {
			isa = XCBuildConfiguration;
			buildSettings = {
				ALWAYS_SEARCH_USER_PATHS = NO;
				CLANG_ANALYZER_NONNULL = YES;
				CLANG_ANALYZER_NUMBER_OBJECT_CONVERSION = YES_AGGRESSIVE;
				CLANG_CXX_LANGUAGE_STANDARD = "gnu++20";
				CLANG_ENABLE_MODULES = YES;
				CLANG_ENABLE_OBJC_ARC = YES;
				CLANG_ENABLE_OBJC_WEAK = YES;
				CLANG_WARN_BLOCK_CAPTURE_AUTORELEASING = YES;
				CLANG_WARN_BOOL_CONVERSION = YES;
				CLANG_WARN_COMMA = YES;
				CLANG_WARN_CONSTANT_CONVERSION = YES;
				CLANG_WARN_DEPRECATED_OBJC_IMPLEMENTATIONS = YES;
				CLANG_WARN_DIRECT_OBJC_ISA_USAGE = YES_ERROR;
				CLANG_WARN_DOCUMENTATION_COMMENTS = YES;
				CLANG_WARN_EMPTY_BODY = YES;
				CLANG_WARN_ENUM_CONVERSION = YES;
				CLANG_WARN_INFINITE_RECURSION = YES;
				CLANG_WARN_INT_CONVERSION = YES;
				CLANG_WARN_NON_LITERAL_NULL_CONVERSION = YES;
				CLANG_WARN_OBJC_IMPLICIT_RETAIN_SELF = YES;
				CLANG_WARN_OBJC_LITERAL_CONVERSION = YES;
				CLANG_WARN_OBJC_ROOT_CLASS = YES_ERROR;
				CLANG_WARN_QUOTED_INCLUDE_IN_FRAMEWORK_HEADER = YES;
				CLANG_WARN_RANGE_LOOP_ANALYSIS = YES;
				CLANG_WARN_STRICT_PROTOTYPES = YES;
				CLANG_WARN_SUSPICIOUS_MOVE = YES;
				CLANG_WARN_UNGUARDED_AVAILABILITY = YES_AGGRESSIVE;
				CLANG_WARN_UNREACHABLE_CODE = YES;
				CLANG_WARN__DUPLICATE_METHOD_MATCH = YES;
				COPY_PHASE_STRIP = NO;
				DEBUG_INFORMATION_FORMAT = dwarf;
				ENABLE_STRICT_OBJC_MSGSEND = YES;
				ENABLE_TESTABILITY = YES;
				GCC_C_LANGUAGE_STANDARD = gnu11;
				GCC_DYNAMIC_NO_PIC = NO;
				GCC_NO_COMMON_BLOCKS = YES;
				GCC_OPTIMIZATION_LEVEL = 0;
				GCC_PREPROCESSOR_DEFINITIONS = (
					"DEBUG=1",
					"$(inherited)",
				);
				GCC_WARN_64_TO_32_BIT_CONVERSION = YES;
				GCC_WARN_ABOUT_RETURN_TYPE = YES_ERROR;
				GCC_WARN_UNDECLARED_SELECTOR = YES;
				GCC_WARN_UNINITIALIZED_AUTOS = YES_AGGRESSIVE;
				GCC_WARN_UNUSED_FUNCTION = YES;
				GCC_WARN_UNUSED_VARIABLE = YES;
				IPHONEOS_DEPLOYMENT_TARGET = 16.4;
				MTL_ENABLE_DEBUG_INFO = INCLUDE_SOURCE;
				MTL_FAST_MATH = YES;
				ONLY_ACTIVE_ARCH = YES;
				SDKROOT = iphoneos;
				SWIFT_ACTIVE_COMPILATION_CONDITIONS = DEBUG;
				SWIFT_OPTIMIZATION_LEVEL = "-Onone";
			};
			name = Debug;
		};
		18DA40CF2AAC37EF00EF4333 /* Release */ = {
			isa = XCBuildConfiguration;
			buildSettings = {
				ALWAYS_SEARCH_USER_PATHS = NO;
				CLANG_ANALYZER_NONNULL = YES;
				CLANG_ANALYZER_NUMBER_OBJECT_CONVERSION = YES_AGGRESSIVE;
				CLANG_CXX_LANGUAGE_STANDARD = "gnu++20";
				CLANG_ENABLE_MODULES = YES;
				CLANG_ENABLE_OBJC_ARC = YES;
				CLANG_ENABLE_OBJC_WEAK = YES;
				CLANG_WARN_BLOCK_CAPTURE_AUTORELEASING = YES;
				CLANG_WARN_BOOL_CONVERSION = YES;
				CLANG_WARN_COMMA = YES;
				CLANG_WARN_CONSTANT_CONVERSION = YES;
				CLANG_WARN_DEPRECATED_OBJC_IMPLEMENTATIONS = YES;
				CLANG_WARN_DIRECT_OBJC_ISA_USAGE = YES_ERROR;
				CLANG_WARN_DOCUMENTATION_COMMENTS = YES;
				CLANG_WARN_EMPTY_BODY = YES;
				CLANG_WARN_ENUM_CONVERSION = YES;
				CLANG_WARN_INFINITE_RECURSION = YES;
				CLANG_WARN_INT_CONVERSION = YES;
				CLANG_WARN_NON_LITERAL_NULL_CONVERSION = YES;
				CLANG_WARN_OBJC_IMPLICIT_RETAIN_SELF = YES;
				CLANG_WARN_OBJC_LITERAL_CONVERSION = YES;
				CLANG_WARN_OBJC_ROOT_CLASS = YES_ERROR;
				CLANG_WARN_QUOTED_INCLUDE_IN_FRAMEWORK_HEADER = YES;
				CLANG_WARN_RANGE_LOOP_ANALYSIS = YES;
				CLANG_WARN_STRICT_PROTOTYPES = YES;
				CLANG_WARN_SUSPICIOUS_MOVE = YES;
				CLANG_WARN_UNGUARDED_AVAILABILITY = YES_AGGRESSIVE;
				CLANG_WARN_UNREACHABLE_CODE = YES;
				CLANG_WARN__DUPLICATE_METHOD_MATCH = YES;
				COPY_PHASE_STRIP = NO;
				DEBUG_INFORMATION_FORMAT = "dwarf-with-dsym";
				ENABLE_NS_ASSERTIONS = NO;
				ENABLE_STRICT_OBJC_MSGSEND = YES;
				GCC_C_LANGUAGE_STANDARD = gnu11;
				GCC_NO_COMMON_BLOCKS = YES;
				GCC_WARN_64_TO_32_BIT_CONVERSION = YES;
				GCC_WARN_ABOUT_RETURN_TYPE = YES_ERROR;
				GCC_WARN_UNDECLARED_SELECTOR = YES;
				GCC_WARN_UNINITIALIZED_AUTOS = YES_AGGRESSIVE;
				GCC_WARN_UNUSED_FUNCTION = YES;
				GCC_WARN_UNUSED_VARIABLE = YES;
				IPHONEOS_DEPLOYMENT_TARGET = 16.4;
				MTL_ENABLE_DEBUG_INFO = NO;
				MTL_FAST_MATH = YES;
				SDKROOT = iphoneos;
				SWIFT_COMPILATION_MODE = wholemodule;
				SWIFT_OPTIMIZATION_LEVEL = "-O";
				VALIDATE_PRODUCT = YES;
			};
			name = Release;
		};
		18DA40D12AAC37EF00EF4333 /* Debug */ = {
			isa = XCBuildConfiguration;
			buildSettings = {
				ASSETCATALOG_COMPILER_APPICON_NAME = AppIcon;
				ASSETCATALOG_COMPILER_GLOBAL_ACCENT_COLOR_NAME = AccentColor;
				CODE_SIGN_STYLE = Automatic;
				CURRENT_PROJECT_VERSION = 1;
				DEVELOPMENT_ASSET_PATHS = "\"Gymtastic/Preview Content\"";
				DEVELOPMENT_TEAM = 3M6C8L4M5D;
				ENABLE_PREVIEWS = YES;
				GENERATE_INFOPLIST_FILE = YES;
				INFOPLIST_KEY_UIApplicationSceneManifest_Generation = YES;
				INFOPLIST_KEY_UIApplicationSupportsIndirectInputEvents = YES;
				INFOPLIST_KEY_UILaunchScreen_Generation = YES;
				INFOPLIST_KEY_UISupportedInterfaceOrientations_iPad = "UIInterfaceOrientationPortrait UIInterfaceOrientationPortraitUpsideDown UIInterfaceOrientationLandscapeLeft UIInterfaceOrientationLandscapeRight";
				INFOPLIST_KEY_UISupportedInterfaceOrientations_iPhone = "UIInterfaceOrientationPortrait UIInterfaceOrientationLandscapeLeft UIInterfaceOrientationLandscapeRight";
				LD_RUNPATH_SEARCH_PATHS = (
					"$(inherited)",
					"@executable_path/Frameworks",
				);
				MARKETING_VERSION = 1.0;
				PRODUCT_BUNDLE_IDENTIFIER = tomkwok.Gymtastic;
				PRODUCT_NAME = "$(TARGET_NAME)";
				SWIFT_EMIT_LOC_STRINGS = YES;
				SWIFT_VERSION = 5.0;
				TARGETED_DEVICE_FAMILY = "1,2";
			};
			name = Debug;
		};
		18DA40D22AAC37EF00EF4333 /* Release */ = {
			isa = XCBuildConfiguration;
			buildSettings = {
				ASSETCATALOG_COMPILER_APPICON_NAME = AppIcon;
				ASSETCATALOG_COMPILER_GLOBAL_ACCENT_COLOR_NAME = AccentColor;
				CODE_SIGN_STYLE = Automatic;
				CURRENT_PROJECT_VERSION = 1;
				DEVELOPMENT_ASSET_PATHS = "\"Gymtastic/Preview Content\"";
				DEVELOPMENT_TEAM = 3M6C8L4M5D;
				ENABLE_PREVIEWS = YES;
				GENERATE_INFOPLIST_FILE = YES;
				INFOPLIST_KEY_UIApplicationSceneManifest_Generation = YES;
				INFOPLIST_KEY_UIApplicationSupportsIndirectInputEvents = YES;
				INFOPLIST_KEY_UILaunchScreen_Generation = YES;
				INFOPLIST_KEY_UISupportedInterfaceOrientations_iPad = "UIInterfaceOrientationPortrait UIInterfaceOrientationPortraitUpsideDown UIInterfaceOrientationLandscapeLeft UIInterfaceOrientationLandscapeRight";
				INFOPLIST_KEY_UISupportedInterfaceOrientations_iPhone = "UIInterfaceOrientationPortrait UIInterfaceOrientationLandscapeLeft UIInterfaceOrientationLandscapeRight";
				LD_RUNPATH_SEARCH_PATHS = (
					"$(inherited)",
					"@executable_path/Frameworks",
				);
				MARKETING_VERSION = 1.0;
				PRODUCT_BUNDLE_IDENTIFIER = tomkwok.Gymtastic;
				PRODUCT_NAME = "$(TARGET_NAME)";
				SWIFT_EMIT_LOC_STRINGS = YES;
				SWIFT_VERSION = 5.0;
				TARGETED_DEVICE_FAMILY = "1,2";
			};
			name = Release;
		};
/* End XCBuildConfiguration section */

/* Begin XCConfigurationList section */
		18DA40BD2AAC37EE00EF4333 /* Build configuration list for PBXProject "Gymtastic" */ = {
			isa = XCConfigurationList;
			buildConfigurations = (
				18DA40CE2AAC37EF00EF4333 /* Debug */,
				18DA40CF2AAC37EF00EF4333 /* Release */,
			);
			defaultConfigurationIsVisible = 0;
			defaultConfigurationName = Release;
		};
		18DA40D02AAC37EF00EF4333 /* Build configuration list for PBXNativeTarget "Gymtastic" */ = {
			isa = XCConfigurationList;
			buildConfigurations = (
				18DA40D12AAC37EF00EF4333 /* Debug */,
				18DA40D22AAC37EF00EF4333 /* Release */,
			);
			defaultConfigurationIsVisible = 0;
			defaultConfigurationName = Release;
		};
/* End XCConfigurationList section */
	};
	rootObject = 18DA40BA2AAC37EE00EF4333 /* Project object */;
}
