// !$*UTF8*$!
{
	archiveVersion = 1;
	classes = {
	};
	objectVersion = 56;
	objects = {

/* Begin PBXBuildFile section */
		18FD87B42A9B4DE800094D6E /* gymtasticApp.swift in Sources */ = {isa = PBXBuildFile; fileRef = 18FD87B32A9B4DE800094D6E /* gymtasticApp.swift */; };
		18FD87B62A9B4DE800094D6E /* ContentView.swift in Sources */ = {isa = PBXBuildFile; fileRef = 18FD87B52A9B4DE800094D6E /* ContentView.swift */; };
		18FD87B82A9B4DE900094D6E /* Assets.xcassets in Resources */ = {isa = PBXBuildFile; fileRef = 18FD87B72A9B4DE900094D6E /* Assets.xcassets */; };
		18FD87BB2A9B4DE900094D6E /* Preview Assets.xcassets in Resources */ = {isa = PBXBuildFile; fileRef = 18FD87BA2A9B4DE900094D6E /* Preview Assets.xcassets */; };
		18FD87C52A9B4DE900094D6E /* gymtasticTests.swift in Sources */ = {isa = PBXBuildFile; fileRef = 18FD87C42A9B4DE900094D6E /* gymtasticTests.swift */; };
		18FD87CF2A9B4DE900094D6E /* gymtasticUITests.swift in Sources */ = {isa = PBXBuildFile; fileRef = 18FD87CE2A9B4DE900094D6E /* gymtasticUITests.swift */; };
		18FD87D12A9B4DE900094D6E /* gymtasticUITestsLaunchTests.swift in Sources */ = {isa = PBXBuildFile; fileRef = 18FD87D02A9B4DE900094D6E /* gymtasticUITestsLaunchTests.swift */; };
/* End PBXBuildFile section */

/* Begin PBXContainerItemProxy section */
		18FD87C12A9B4DE900094D6E /* PBXContainerItemProxy */ = {
			isa = PBXContainerItemProxy;
			containerPortal = 18FD87A82A9B4DE800094D6E /* Project object */;
			proxyType = 1;
			remoteGlobalIDString = 18FD87AF2A9B4DE800094D6E;
			remoteInfo = gymtastic;
		};
		18FD87CB2A9B4DE900094D6E /* PBXContainerItemProxy */ = {
			isa = PBXContainerItemProxy;
			containerPortal = 18FD87A82A9B4DE800094D6E /* Project object */;
			proxyType = 1;
			remoteGlobalIDString = 18FD87AF2A9B4DE800094D6E;
			remoteInfo = gymtastic;
		};
/* End PBXContainerItemProxy section */

/* Begin PBXFileReference section */
		18FD87B02A9B4DE800094D6E /* gymtastic.app */ = {isa = PBXFileReference; explicitFileType = wrapper.application; includeInIndex = 0; path = gymtastic.app; sourceTree = BUILT_PRODUCTS_DIR; };
		18FD87B32A9B4DE800094D6E /* gymtasticApp.swift */ = {isa = PBXFileReference; lastKnownFileType = sourcecode.swift; path = gymtasticApp.swift; sourceTree = "<group>"; };
		18FD87B52A9B4DE800094D6E /* ContentView.swift */ = {isa = PBXFileReference; lastKnownFileType = sourcecode.swift; path = ContentView.swift; sourceTree = "<group>"; };
		18FD87B72A9B4DE900094D6E /* Assets.xcassets */ = {isa = PBXFileReference; lastKnownFileType = folder.assetcatalog; path = Assets.xcassets; sourceTree = "<group>"; };
		18FD87BA2A9B4DE900094D6E /* Preview Assets.xcassets */ = {isa = PBXFileReference; lastKnownFileType = folder.assetcatalog; path = "Preview Assets.xcassets"; sourceTree = "<group>"; };
		18FD87C02A9B4DE900094D6E /* gymtasticTests.xctest */ = {isa = PBXFileReference; explicitFileType = wrapper.cfbundle; includeInIndex = 0; path = gymtasticTests.xctest; sourceTree = BUILT_PRODUCTS_DIR; };
		18FD87C42A9B4DE900094D6E /* gymtasticTests.swift */ = {isa = PBXFileReference; lastKnownFileType = sourcecode.swift; path = gymtasticTests.swift; sourceTree = "<group>"; };
		18FD87CA2A9B4DE900094D6E /* gymtasticUITests.xctest */ = {isa = PBXFileReference; explicitFileType = wrapper.cfbundle; includeInIndex = 0; path = gymtasticUITests.xctest; sourceTree = BUILT_PRODUCTS_DIR; };
		18FD87CE2A9B4DE900094D6E /* gymtasticUITests.swift */ = {isa = PBXFileReference; lastKnownFileType = sourcecode.swift; path = gymtasticUITests.swift; sourceTree = "<group>"; };
		18FD87D02A9B4DE900094D6E /* gymtasticUITestsLaunchTests.swift */ = {isa = PBXFileReference; lastKnownFileType = sourcecode.swift; path = gymtasticUITestsLaunchTests.swift; sourceTree = "<group>"; };
/* End PBXFileReference section */

/* Begin PBXFrameworksBuildPhase section */
		18FD87AD2A9B4DE800094D6E /* Frameworks */ = {
			isa = PBXFrameworksBuildPhase;
			buildActionMask = 2147483647;
			files = (
			);
			runOnlyForDeploymentPostprocessing = 0;
		};
		18FD87BD2A9B4DE900094D6E /* Frameworks */ = {
			isa = PBXFrameworksBuildPhase;
			buildActionMask = 2147483647;
			files = (
			);
			runOnlyForDeploymentPostprocessing = 0;
		};
		18FD87C72A9B4DE900094D6E /* Frameworks */ = {
			isa = PBXFrameworksBuildPhase;
			buildActionMask = 2147483647;
			files = (
			);
			runOnlyForDeploymentPostprocessing = 0;
		};
/* End PBXFrameworksBuildPhase section */

/* Begin PBXGroup section */
		18FD87A72A9B4DE800094D6E = {
			isa = PBXGroup;
			children = (
				18FD87B22A9B4DE800094D6E /* gymtastic */,
				18FD87C32A9B4DE900094D6E /* gymtasticTests */,
				18FD87CD2A9B4DE900094D6E /* gymtasticUITests */,
				18FD87B12A9B4DE800094D6E /* Products */,
			);
			sourceTree = "<group>";
		};
		18FD87B12A9B4DE800094D6E /* Products */ = {
			isa = PBXGroup;
			children = (
				18FD87B02A9B4DE800094D6E /* gymtastic.app */,
				18FD87C02A9B4DE900094D6E /* gymtasticTests.xctest */,
				18FD87CA2A9B4DE900094D6E /* gymtasticUITests.xctest */,
			);
			name = Products;
			sourceTree = "<group>";
		};
		18FD87B22A9B4DE800094D6E /* gymtastic */ = {
			isa = PBXGroup;
			children = (
				18FD87B32A9B4DE800094D6E /* gymtasticApp.swift */,
				18FD87B52A9B4DE800094D6E /* ContentView.swift */,
				18FD87B72A9B4DE900094D6E /* Assets.xcassets */,
				18FD87B92A9B4DE900094D6E /* Preview Content */,
			);
			path = gymtastic;
			sourceTree = "<group>";
		};
		18FD87B92A9B4DE900094D6E /* Preview Content */ = {
			isa = PBXGroup;
			children = (
				18FD87BA2A9B4DE900094D6E /* Preview Assets.xcassets */,
			);
			path = "Preview Content";
			sourceTree = "<group>";
		};
		18FD87C32A9B4DE900094D6E /* gymtasticTests */ = {
			isa = PBXGroup;
			children = (
				18FD87C42A9B4DE900094D6E /* gymtasticTests.swift */,
			);
			path = gymtasticTests;
			sourceTree = "<group>";
		};
		18FD87CD2A9B4DE900094D6E /* gymtasticUITests */ = {
			isa = PBXGroup;
			children = (
				18FD87CE2A9B4DE900094D6E /* gymtasticUITests.swift */,
				18FD87D02A9B4DE900094D6E /* gymtasticUITestsLaunchTests.swift */,
			);
			path = gymtasticUITests;
			sourceTree = "<group>";
		};
/* End PBXGroup section */

/* Begin PBXNativeTarget section */
		18FD87AF2A9B4DE800094D6E /* gymtastic */ = {
			isa = PBXNativeTarget;
			buildConfigurationList = 18FD87D42A9B4DE900094D6E /* Build configuration list for PBXNativeTarget "gymtastic" */;
			buildPhases = (
				18FD87AC2A9B4DE800094D6E /* Sources */,
				18FD87AD2A9B4DE800094D6E /* Frameworks */,
				18FD87AE2A9B4DE800094D6E /* Resources */,
			);
			buildRules = (
			);
			dependencies = (
			);
			name = gymtastic;
			productName = gymtastic;
			productReference = 18FD87B02A9B4DE800094D6E /* gymtastic.app */;
			productType = "com.apple.product-type.application";
		};
		18FD87BF2A9B4DE900094D6E /* gymtasticTests */ = {
			isa = PBXNativeTarget;
			buildConfigurationList = 18FD87D72A9B4DE900094D6E /* Build configuration list for PBXNativeTarget "gymtasticTests" */;
			buildPhases = (
				18FD87BC2A9B4DE900094D6E /* Sources */,
				18FD87BD2A9B4DE900094D6E /* Frameworks */,
				18FD87BE2A9B4DE900094D6E /* Resources */,
			);
			buildRules = (
			);
			dependencies = (
				18FD87C22A9B4DE900094D6E /* PBXTargetDependency */,
			);
			name = gymtasticTests;
			productName = gymtasticTests;
			productReference = 18FD87C02A9B4DE900094D6E /* gymtasticTests.xctest */;
			productType = "com.apple.product-type.bundle.unit-test";
		};
		18FD87C92A9B4DE900094D6E /* gymtasticUITests */ = {
			isa = PBXNativeTarget;
			buildConfigurationList = 18FD87DA2A9B4DE900094D6E /* Build configuration list for PBXNativeTarget "gymtasticUITests" */;
			buildPhases = (
				18FD87C62A9B4DE900094D6E /* Sources */,
				18FD87C72A9B4DE900094D6E /* Frameworks */,
				18FD87C82A9B4DE900094D6E /* Resources */,
			);
			buildRules = (
			);
			dependencies = (
				18FD87CC2A9B4DE900094D6E /* PBXTargetDependency */,
			);
			name = gymtasticUITests;
			productName = gymtasticUITests;
			productReference = 18FD87CA2A9B4DE900094D6E /* gymtasticUITests.xctest */;
			productType = "com.apple.product-type.bundle.ui-testing";
		};
/* End PBXNativeTarget section */

/* Begin PBXProject section */
		18FD87A82A9B4DE800094D6E /* Project object */ = {
			isa = PBXProject;
			attributes = {
				BuildIndependentTargetsInParallel = 1;
				LastSwiftUpdateCheck = 1430;
				LastUpgradeCheck = 1430;
				TargetAttributes = {
					18FD87AF2A9B4DE800094D6E = {
						CreatedOnToolsVersion = 14.3.1;
					};
					18FD87BF2A9B4DE900094D6E = {
						CreatedOnToolsVersion = 14.3.1;
						TestTargetID = 18FD87AF2A9B4DE800094D6E;
					};
					18FD87C92A9B4DE900094D6E = {
						CreatedOnToolsVersion = 14.3.1;
						TestTargetID = 18FD87AF2A9B4DE800094D6E;
					};
				};
			};
			buildConfigurationList = 18FD87AB2A9B4DE800094D6E /* Build configuration list for PBXProject "gymtastic" */;
			compatibilityVersion = "Xcode 14.0";
			developmentRegion = en;
			hasScannedForEncodings = 0;
			knownRegions = (
				en,
				Base,
			);
			mainGroup = 18FD87A72A9B4DE800094D6E;
			productRefGroup = 18FD87B12A9B4DE800094D6E /* Products */;
			projectDirPath = "";
			projectRoot = "";
			targets = (
				18FD87AF2A9B4DE800094D6E /* gymtastic */,
				18FD87BF2A9B4DE900094D6E /* gymtasticTests */,
				18FD87C92A9B4DE900094D6E /* gymtasticUITests */,
			);
		};
/* End PBXProject section */

/* Begin PBXResourcesBuildPhase section */
		18FD87AE2A9B4DE800094D6E /* Resources */ = {
			isa = PBXResourcesBuildPhase;
			buildActionMask = 2147483647;
			files = (
				18FD87BB2A9B4DE900094D6E /* Preview Assets.xcassets in Resources */,
				18FD87B82A9B4DE900094D6E /* Assets.xcassets in Resources */,
			);
			runOnlyForDeploymentPostprocessing = 0;
		};
		18FD87BE2A9B4DE900094D6E /* Resources */ = {
			isa = PBXResourcesBuildPhase;
			buildActionMask = 2147483647;
			files = (
			);
			runOnlyForDeploymentPostprocessing = 0;
		};
		18FD87C82A9B4DE900094D6E /* Resources */ = {
			isa = PBXResourcesBuildPhase;
			buildActionMask = 2147483647;
			files = (
			);
			runOnlyForDeploymentPostprocessing = 0;
		};
/* End PBXResourcesBuildPhase section */

/* Begin PBXSourcesBuildPhase section */
		18FD87AC2A9B4DE800094D6E /* Sources */ = {
			isa = PBXSourcesBuildPhase;
			buildActionMask = 2147483647;
			files = (
				18FD87B62A9B4DE800094D6E /* ContentView.swift in Sources */,
				18FD87B42A9B4DE800094D6E /* gymtasticApp.swift in Sources */,
			);
			runOnlyForDeploymentPostprocessing = 0;
		};
		18FD87BC2A9B4DE900094D6E /* Sources */ = {
			isa = PBXSourcesBuildPhase;
			buildActionMask = 2147483647;
			files = (
				18FD87C52A9B4DE900094D6E /* gymtasticTests.swift in Sources */,
			);
			runOnlyForDeploymentPostprocessing = 0;
		};
		18FD87C62A9B4DE900094D6E /* Sources */ = {
			isa = PBXSourcesBuildPhase;
			buildActionMask = 2147483647;
			files = (
				18FD87D12A9B4DE900094D6E /* gymtasticUITestsLaunchTests.swift in Sources */,
				18FD87CF2A9B4DE900094D6E /* gymtasticUITests.swift in Sources */,
			);
			runOnlyForDeploymentPostprocessing = 0;
		};
/* End PBXSourcesBuildPhase section */

/* Begin PBXTargetDependency section */
		18FD87C22A9B4DE900094D6E /* PBXTargetDependency */ = {
			isa = PBXTargetDependency;
			target = 18FD87AF2A9B4DE800094D6E /* gymtastic */;
			targetProxy = 18FD87C12A9B4DE900094D6E /* PBXContainerItemProxy */;
		};
		18FD87CC2A9B4DE900094D6E /* PBXTargetDependency */ = {
			isa = PBXTargetDependency;
			target = 18FD87AF2A9B4DE800094D6E /* gymtastic */;
			targetProxy = 18FD87CB2A9B4DE900094D6E /* PBXContainerItemProxy */;
		};
/* End PBXTargetDependency section */

/* Begin XCBuildConfiguration section */
		18FD87D22A9B4DE900094D6E /* Debug */ = {
			isa = XCBuildConfiguration;
			buildSettings = {
				ALWAYS_SEARCH_USER_PATHS = NO;
				CLANG_ANALYZER_NONNULL = YES;
				CLANG_ANALYZER_NUMBER_OBJECT_CONVERSION = YES_AGGRESSIVE;
				CLANG_CXX_LANGUAGE_STANDARD = "gnu++20";
				CLANG_ENABLE_MODULES = YES;
				CLANG_ENABLE_OBJC_ARC = YES;
				CLANG_ENABLE_OBJC_WEAK = YES;
				CLANG_WARN_BLOCK_CAPTURE_AUTORELEASING = YES;
				CLANG_WARN_BOOL_CONVERSION = YES;
				CLANG_WARN_COMMA = YES;
				CLANG_WARN_CONSTANT_CONVERSION = YES;
				CLANG_WARN_DEPRECATED_OBJC_IMPLEMENTATIONS = YES;
				CLANG_WARN_DIRECT_OBJC_ISA_USAGE = YES_ERROR;
				CLANG_WARN_DOCUMENTATION_COMMENTS = YES;
				CLANG_WARN_EMPTY_BODY = YES;
				CLANG_WARN_ENUM_CONVERSION = YES;
				CLANG_WARN_INFINITE_RECURSION = YES;
				CLANG_WARN_INT_CONVERSION = YES;
				CLANG_WARN_NON_LITERAL_NULL_CONVERSION = YES;
				CLANG_WARN_OBJC_IMPLICIT_RETAIN_SELF = YES;
				CLANG_WARN_OBJC_LITERAL_CONVERSION = YES;
				CLANG_WARN_OBJC_ROOT_CLASS = YES_ERROR;
				CLANG_WARN_QUOTED_INCLUDE_IN_FRAMEWORK_HEADER = YES;
				CLANG_WARN_RANGE_LOOP_ANALYSIS = YES;
				CLANG_WARN_STRICT_PROTOTYPES = YES;
				CLANG_WARN_SUSPICIOUS_MOVE = YES;
				CLANG_WARN_UNGUARDED_AVAILABILITY = YES_AGGRESSIVE;
				CLANG_WARN_UNREACHABLE_CODE = YES;
				CLANG_WARN__DUPLICATE_METHOD_MATCH = YES;
				COPY_PHASE_STRIP = NO;
				DEBUG_INFORMATION_FORMAT = dwarf;
				ENABLE_STRICT_OBJC_MSGSEND = YES;
				ENABLE_TESTABILITY = YES;
				GCC_C_LANGUAGE_STANDARD = gnu11;
				GCC_DYNAMIC_NO_PIC = NO;
				GCC_NO_COMMON_BLOCKS = YES;
				GCC_OPTIMIZATION_LEVEL = 0;
				GCC_PREPROCESSOR_DEFINITIONS = (
					"DEBUG=1",
					"$(inherited)",
				);
				GCC_WARN_64_TO_32_BIT_CONVERSION = YES;
				GCC_WARN_ABOUT_RETURN_TYPE = YES_ERROR;
				GCC_WARN_UNDECLARED_SELECTOR = YES;
				GCC_WARN_UNINITIALIZED_AUTOS = YES_AGGRESSIVE;
				GCC_WARN_UNUSED_FUNCTION = YES;
				GCC_WARN_UNUSED_VARIABLE = YES;
				IPHONEOS_DEPLOYMENT_TARGET = 16.4;
				MTL_ENABLE_DEBUG_INFO = INCLUDE_SOURCE;
				MTL_FAST_MATH = YES;
				ONLY_ACTIVE_ARCH = YES;
				SDKROOT = iphoneos;
				SWIFT_ACTIVE_COMPILATION_CONDITIONS = DEBUG;
				SWIFT_OPTIMIZATION_LEVEL = "-Onone";
			};
			name = Debug;
		};
		18FD87D32A9B4DE900094D6E /* Release */ = {
			isa = XCBuildConfiguration;
			buildSettings = {
				ALWAYS_SEARCH_USER_PATHS = NO;
				CLANG_ANALYZER_NONNULL = YES;
				CLANG_ANALYZER_NUMBER_OBJECT_CONVERSION = YES_AGGRESSIVE;
				CLANG_CXX_LANGUAGE_STANDARD = "gnu++20";
				CLANG_ENABLE_MODULES = YES;
				CLANG_ENABLE_OBJC_ARC = YES;
				CLANG_ENABLE_OBJC_WEAK = YES;
				CLANG_WARN_BLOCK_CAPTURE_AUTORELEASING = YES;
				CLANG_WARN_BOOL_CONVERSION = YES;
				CLANG_WARN_COMMA = YES;
				CLANG_WARN_CONSTANT_CONVERSION = YES;
				CLANG_WARN_DEPRECATED_OBJC_IMPLEMENTATIONS = YES;
				CLANG_WARN_DIRECT_OBJC_ISA_USAGE = YES_ERROR;
				CLANG_WARN_DOCUMENTATION_COMMENTS = YES;
				CLANG_WARN_EMPTY_BODY = YES;
				CLANG_WARN_ENUM_CONVERSION = YES;
				CLANG_WARN_INFINITE_RECURSION = YES;
				CLANG_WARN_INT_CONVERSION = YES;
				CLANG_WARN_NON_LITERAL_NULL_CONVERSION = YES;
				CLANG_WARN_OBJC_IMPLICIT_RETAIN_SELF = YES;
				CLANG_WARN_OBJC_LITERAL_CONVERSION = YES;
				CLANG_WARN_OBJC_ROOT_CLASS = YES_ERROR;
				CLANG_WARN_QUOTED_INCLUDE_IN_FRAMEWORK_HEADER = YES;
				CLANG_WARN_RANGE_LOOP_ANALYSIS = YES;
				CLANG_WARN_STRICT_PROTOTYPES = YES;
				CLANG_WARN_SUSPICIOUS_MOVE = YES;
				CLANG_WARN_UNGUARDED_AVAILABILITY = YES_AGGRESSIVE;
				CLANG_WARN_UNREACHABLE_CODE = YES;
				CLANG_WARN__DUPLICATE_METHOD_MATCH = YES;
				COPY_PHASE_STRIP = NO;
				DEBUG_INFORMATION_FORMAT = "dwarf-with-dsym";
				ENABLE_NS_ASSERTIONS = NO;
				ENABLE_STRICT_OBJC_MSGSEND = YES;
				GCC_C_LANGUAGE_STANDARD = gnu11;
				GCC_NO_COMMON_BLOCKS = YES;
				GCC_WARN_64_TO_32_BIT_CONVERSION = YES;
				GCC_WARN_ABOUT_RETURN_TYPE = YES_ERROR;
				GCC_WARN_UNDECLARED_SELECTOR = YES;
				GCC_WARN_UNINITIALIZED_AUTOS = YES_AGGRESSIVE;
				GCC_WARN_UNUSED_FUNCTION = YES;
				GCC_WARN_UNUSED_VARIABLE = YES;
				IPHONEOS_DEPLOYMENT_TARGET = 16.4;
				MTL_ENABLE_DEBUG_INFO = NO;
				MTL_FAST_MATH = YES;
				SDKROOT = iphoneos;
				SWIFT_COMPILATION_MODE = wholemodule;
				SWIFT_OPTIMIZATION_LEVEL = "-O";
				VALIDATE_PRODUCT = YES;
			};
			name = Release;
		};
		18FD87D52A9B4DE900094D6E /* Debug */ = {
			isa = XCBuildConfiguration;
			buildSettings = {
				ASSETCATALOG_COMPILER_APPICON_NAME = AppIcon;
				ASSETCATALOG_COMPILER_GLOBAL_ACCENT_COLOR_NAME = AccentColor;
				CODE_SIGN_STYLE = Automatic;
				CURRENT_PROJECT_VERSION = 1;
				DEVELOPMENT_ASSET_PATHS = "\"gymtastic/Preview Content\"";
				ENABLE_PREVIEWS = YES;
				GENERATE_INFOPLIST_FILE = YES;
				INFOPLIST_KEY_UIApplicationSceneManifest_Generation = YES;
				INFOPLIST_KEY_UIApplicationSupportsIndirectInputEvents = YES;
				INFOPLIST_KEY_UILaunchScreen_Generation = YES;
				INFOPLIST_KEY_UISupportedInterfaceOrientations_iPad = "UIInterfaceOrientationPortrait UIInterfaceOrientationPortraitUpsideDown UIInterfaceOrientationLandscapeLeft UIInterfaceOrientationLandscapeRight";
				INFOPLIST_KEY_UISupportedInterfaceOrientations_iPhone = "UIInterfaceOrientationPortrait UIInterfaceOrientationLandscapeLeft UIInterfaceOrientationLandscapeRight";
				LD_RUNPATH_SEARCH_PATHS = (
					"$(inherited)",
					"@executable_path/Frameworks",
				);
				MARKETING_VERSION = 1.0;
				PRODUCT_BUNDLE_IDENTIFIER = tomkwok.gymtastic;
				PRODUCT_NAME = "$(TARGET_NAME)";
				SWIFT_EMIT_LOC_STRINGS = YES;
				SWIFT_VERSION = 5.0;
				TARGETED_DEVICE_FAMILY = "1,2";
			};
			name = Debug;
		};
		18FD87D62A9B4DE900094D6E /* Release */ = {
			isa = XCBuildConfiguration;
			buildSettings = {
				ASSETCATALOG_COMPILER_APPICON_NAME = AppIcon;
				ASSETCATALOG_COMPILER_GLOBAL_ACCENT_COLOR_NAME = AccentColor;
				CODE_SIGN_STYLE = Automatic;
				CURRENT_PROJECT_VERSION = 1;
				DEVELOPMENT_ASSET_PATHS = "\"gymtastic/Preview Content\"";
				ENABLE_PREVIEWS = YES;
				GENERATE_INFOPLIST_FILE = YES;
				INFOPLIST_KEY_UIApplicationSceneManifest_Generation = YES;
				INFOPLIST_KEY_UIApplicationSupportsIndirectInputEvents = YES;
				INFOPLIST_KEY_UILaunchScreen_Generation = YES;
				INFOPLIST_KEY_UISupportedInterfaceOrientations_iPad = "UIInterfaceOrientationPortrait UIInterfaceOrientationPortraitUpsideDown UIInterfaceOrientationLandscapeLeft UIInterfaceOrientationLandscapeRight";
				INFOPLIST_KEY_UISupportedInterfaceOrientations_iPhone = "UIInterfaceOrientationPortrait UIInterfaceOrientationLandscapeLeft UIInterfaceOrientationLandscapeRight";
				LD_RUNPATH_SEARCH_PATHS = (
					"$(inherited)",
					"@executable_path/Frameworks",
				);
				MARKETING_VERSION = 1.0;
				PRODUCT_BUNDLE_IDENTIFIER = tomkwok.gymtastic;
				PRODUCT_NAME = "$(TARGET_NAME)";
				SWIFT_EMIT_LOC_STRINGS = YES;
				SWIFT_VERSION = 5.0;
				TARGETED_DEVICE_FAMILY = "1,2";
			};
			name = Release;
		};
		18FD87D82A9B4DE900094D6E /* Debug */ = {
			isa = XCBuildConfiguration;
			buildSettings = {
				ALWAYS_EMBED_SWIFT_STANDARD_LIBRARIES = YES;
				BUNDLE_LOADER = "$(TEST_HOST)";
				CODE_SIGN_STYLE = Automatic;
				CURRENT_PROJECT_VERSION = 1;
				GENERATE_INFOPLIST_FILE = YES;
				IPHONEOS_DEPLOYMENT_TARGET = 16.4;
				MARKETING_VERSION = 1.0;
				PRODUCT_BUNDLE_IDENTIFIER = tomkwok.gymtasticTests;
				PRODUCT_NAME = "$(TARGET_NAME)";
				SWIFT_EMIT_LOC_STRINGS = NO;
				SWIFT_VERSION = 5.0;
				TARGETED_DEVICE_FAMILY = "1,2";
				TEST_HOST = "$(BUILT_PRODUCTS_DIR)/gymtastic.app/$(BUNDLE_EXECUTABLE_FOLDER_PATH)/gymtastic";
			};
			name = Debug;
		};
		18FD87D92A9B4DE900094D6E /* Release */ = {
			isa = XCBuildConfiguration;
			buildSettings = {
				ALWAYS_EMBED_SWIFT_STANDARD_LIBRARIES = YES;
				BUNDLE_LOADER = "$(TEST_HOST)";
				CODE_SIGN_STYLE = Automatic;
				CURRENT_PROJECT_VERSION = 1;
				GENERATE_INFOPLIST_FILE = YES;
				IPHONEOS_DEPLOYMENT_TARGET = 16.4;
				MARKETING_VERSION = 1.0;
				PRODUCT_BUNDLE_IDENTIFIER = tomkwok.gymtasticTests;
				PRODUCT_NAME = "$(TARGET_NAME)";
				SWIFT_EMIT_LOC_STRINGS = NO;
				SWIFT_VERSION = 5.0;
				TARGETED_DEVICE_FAMILY = "1,2";
				TEST_HOST = "$(BUILT_PRODUCTS_DIR)/gymtastic.app/$(BUNDLE_EXECUTABLE_FOLDER_PATH)/gymtastic";
			};
			name = Release;
		};
		18FD87DB2A9B4DE900094D6E /* Debug */ = {
			isa = XCBuildConfiguration;
			buildSettings = {
				ALWAYS_EMBED_SWIFT_STANDARD_LIBRARIES = YES;
				CODE_SIGN_STYLE = Automatic;
				CURRENT_PROJECT_VERSION = 1;
				GENERATE_INFOPLIST_FILE = YES;
				MARKETING_VERSION = 1.0;
				PRODUCT_BUNDLE_IDENTIFIER = tomkwok.gymtasticUITests;
				PRODUCT_NAME = "$(TARGET_NAME)";
				SWIFT_EMIT_LOC_STRINGS = NO;
				SWIFT_VERSION = 5.0;
				TARGETED_DEVICE_FAMILY = "1,2";
				TEST_TARGET_NAME = gymtastic;
			};
			name = Debug;
		};
		18FD87DC2A9B4DE900094D6E /* Release */ = {
			isa = XCBuildConfiguration;
			buildSettings = {
				ALWAYS_EMBED_SWIFT_STANDARD_LIBRARIES = YES;
				CODE_SIGN_STYLE = Automatic;
				CURRENT_PROJECT_VERSION = 1;
				GENERATE_INFOPLIST_FILE = YES;
				MARKETING_VERSION = 1.0;
				PRODUCT_BUNDLE_IDENTIFIER = tomkwok.gymtasticUITests;
				PRODUCT_NAME = "$(TARGET_NAME)";
				SWIFT_EMIT_LOC_STRINGS = NO;
				SWIFT_VERSION = 5.0;
				TARGETED_DEVICE_FAMILY = "1,2";
				TEST_TARGET_NAME = gymtastic;
			};
			name = Release;
		};
/* End XCBuildConfiguration section */

/* Begin XCConfigurationList section */
		18FD87AB2A9B4DE800094D6E /* Build configuration list for PBXProject "gymtastic" */ = {
			isa = XCConfigurationList;
			buildConfigurations = (
				18FD87D22A9B4DE900094D6E /* Debug */,
				18FD87D32A9B4DE900094D6E /* Release */,
			);
			defaultConfigurationIsVisible = 0;
			defaultConfigurationName = Release;
		};
		18FD87D42A9B4DE900094D6E /* Build configuration list for PBXNativeTarget "gymtastic" */ = {
			isa = XCConfigurationList;
			buildConfigurations = (
				18FD87D52A9B4DE900094D6E /* Debug */,
				18FD87D62A9B4DE900094D6E /* Release */,
			);
			defaultConfigurationIsVisible = 0;
			defaultConfigurationName = Release;
		};
		18FD87D72A9B4DE900094D6E /* Build configuration list for PBXNativeTarget "gymtasticTests" */ = {
			isa = XCConfigurationList;
			buildConfigurations = (
				18FD87D82A9B4DE900094D6E /* Debug */,
				18FD87D92A9B4DE900094D6E /* Release */,
			);
			defaultConfigurationIsVisible = 0;
			defaultConfigurationName = Release;
		};
		18FD87DA2A9B4DE900094D6E /* Build configuration list for PBXNativeTarget "gymtasticUITests" */ = {
			isa = XCConfigurationList;
			buildConfigurations = (
				18FD87DB2A9B4DE900094D6E /* Debug */,
				18FD87DC2A9B4DE900094D6E /* Release */,
			);
			defaultConfigurationIsVisible = 0;
			defaultConfigurationName = Release;
		};
/* End XCConfigurationList section */
	};
	rootObject = 18FD87A82A9B4DE800094D6E /* Project object */;
}
